
Microsoft Visual Studio Solution File, Format Version 12.00
# Visual Studio Version 17
VisualStudioVersion = 17.11.35222.181
MinimumVisualStudioVersion = 10.0.40219.1
Project("{FAE04EC0-301F-11D3-BF4B-00C04F79EFBC}") = "Mamilots POS", "Mamilots POS.csproj", "{5D63789C-E3C7-4A79-8DDC-0C18A92282D1}"
EndProject
Global
	GlobalSection(SolutionConfigurationPlatforms) = preSolution
		Debug|Any CPU = Debug|Any CPU
		Release|Any CPU = Release|Any CPU
	EndGlobalSection
	GlobalSection(ProjectConfigurationPlatforms) = postSolution
		{5D63789C-E3C7-4A79-8DDC-0C18A92282D1}.Debug|Any CPU.ActiveCfg = Debug|Any CPU
		{5D63789C-E3C7-4A79-8DDC-0C18A92282D1}.Debug|Any CPU.Build.0 = Debug|Any CPU
		{5D63789C-E3C7-4A79-8DDC-0C18A92282D1}.Release|Any CPU.ActiveCfg = Release|Any CPU
		{5D63789C-E3C7-4A79-8DDC-0C18A92282D1}.Release|Any CPU.Build.0 = Release|Any CPU
	EndGlobalSection
	GlobalSection(SolutionProperties) = preSolution
		HideSolutionNode = FALSE
	EndGlobalSection
	GlobalSection(ExtensibilityGlobals) = postSolution
		SolutionGuid = {5BB68DAE-6BA3-420A-A756-F9111C2BD534}
	EndGlobalSection
EndGlobal
